
Microsoft Visual Studio Solution File, Format Version 12.00
# Visual Studio Version 17
VisualStudioVersion = 17.9.34728.123
MinimumVisualStudioVersion = 10.0.40219.1
Project("{FAE04EC0-301F-11D3-BF4B-00C04F79EFBC}") = "nickolas-mendonca-feed-aluno", "nickolas-mendonca-feed-aluno\nickolas-mendonca-feed-aluno.csproj", "{D57E0E42-B34F-493C-940C-9126091AB62C}"
EndProject
Global
	GlobalSection(SolutionConfigurationPlatforms) = preSolution
		Debug|Any CPU = Debug|Any CPU
		Release|Any CPU = Release|Any CPU
	EndGlobalSection
	GlobalSection(ProjectConfigurationPlatforms) = postSolution
		{D57E0E42-B34F-493C-940C-9126091AB62C}.Debug|Any CPU.ActiveCfg = Debug|Any CPU
		{D57E0E42-B34F-493C-940C-9126091AB62C}.Debug|Any CPU.Build.0 = Debug|Any CPU
		{D57E0E42-B34F-493C-940C-9126091AB62C}.Release|Any CPU.ActiveCfg = Release|Any CPU
		{D57E0E42-B34F-493C-940C-9126091AB62C}.Release|Any CPU.Build.0 = Release|Any CPU
	EndGlobalSection
	GlobalSection(SolutionProperties) = preSolution
		HideSolutionNode = FALSE
	EndGlobalSection
	GlobalSection(ExtensibilityGlobals) = postSolution
		SolutionGuid = {8035FA3D-10D3-43C5-BD07-3BF0DEF2626E}
	EndGlobalSection
EndGlobal
